// !$*UTF8*$!
{
	archiveVersion = 1;
	classes = {
	};
	objectVersion = 46;
	objects = {

/* Begin PBXBuildFile section */
		9258B3661A56FC0200D6E900 /* AppDelegate.swift in Sources */ = {isa = PBXBuildFile; fileRef = 9258B3651A56FC0200D6E900 /* AppDelegate.swift */; };
		9258B3681A56FC0200D6E900 /* ViewController.swift in Sources */ = {isa = PBXBuildFile; fileRef = 9258B3671A56FC0200D6E900 /* ViewController.swift */; };
		9258B36B1A56FC0200D6E900 /* Main.storyboard in Resources */ = {isa = PBXBuildFile; fileRef = 9258B3691A56FC0200D6E900 /* Main.storyboard */; };
		9258B36D1A56FC0200D6E900 /* Images.xcassets in Resources */ = {isa = PBXBuildFile; fileRef = 9258B36C1A56FC0200D6E900 /* Images.xcassets */; };
		9258B3701A56FC0200D6E900 /* LaunchScreen.xib in Resources */ = {isa = PBXBuildFile; fileRef = 9258B36E1A56FC0200D6E900 /* LaunchScreen.xib */; };
		9258B37C1A56FC0200D6E900 /* trygitTests.swift in Sources */ = {isa = PBXBuildFile; fileRef = 9258B37B1A56FC0200D6E900 /* trygitTests.swift */; };
/* End PBXBuildFile section */

/* Begin PBXContainerItemProxy section */
		9258B3761A56FC0200D6E900 /* PBXContainerItemProxy */ = {
			isa = PBXContainerItemProxy;
			containerPortal = 9258B3581A56FC0200D6E900 /* Project object */;
			proxyType = 1;
			remoteGlobalIDString = 9258B35F1A56FC0200D6E900;
			remoteInfo = trygit;
		};
/* End PBXContainerItemProxy section */

/* Begin PBXFileReference section */
		9258B3601A56FC0200D6E900 /* trygit.app */ = {isa = PBXFileReference; explicitFileType = wrapper.application; includeInIndex = 0; path = trygit.app; sourceTree = BUILT_PRODUCTS_DIR; };
		9258B3641A56FC0200D6E900 /* Info.plist */ = {isa = PBXFileReference; lastKnownFileType = text.plist.xml; path = Info.plist; sourceTree = "<group>"; };
		9258B3651A56FC0200D6E900 /* AppDelegate.swift */ = {isa = PBXFileReference; lastKnownFileType = sourcecode.swift; path = AppDelegate.swift; sourceTree = "<group>"; };
		9258B3671A56FC0200D6E900 /* ViewController.swift */ = {isa = PBXFileReference; lastKnownFileType = sourcecode.swift; path = ViewController.swift; sourceTree = "<group>"; };
		9258B36A1A56FC0200D6E900 /* Base */ = {isa = PBXFileReference; lastKnownFileType = file.storyboard; name = Base; path = Base.lproj/Main.storyboard; sourceTree = "<group>"; };
		9258B36C1A56FC0200D6E900 /* Images.xcassets */ = {isa = PBXFileReference; lastKnownFileType = folder.assetcatalog; path = Images.xcassets; sourceTree = "<group>"; };
		9258B36F1A56FC0200D6E900 /* Base */ = {isa = PBXFileReference; lastKnownFileType = file.xib; name = Base; path = Base.lproj/LaunchScreen.xib; sourceTree = "<group>"; };
		9258B3751A56FC0200D6E900 /* trygitTests.xctest */ = {isa = PBXFileReference; explicitFileType = wrapper.cfbundle; includeInIndex = 0; path = trygitTests.xctest; sourceTree = BUILT_PRODUCTS_DIR; };
		9258B37A1A56FC0200D6E900 /* Info.plist */ = {isa = PBXFileReference; lastKnownFileType = text.plist.xml; path = Info.plist; sourceTree = "<group>"; };
		9258B37B1A56FC0200D6E900 /* trygitTests.swift */ = {isa = PBXFileReference; lastKnownFileType = sourcecode.swift; path = trygitTests.swift; sourceTree = "<group>"; };
/* End PBXFileReference section */

/* Begin PBXFrameworksBuildPhase section */
		9258B35D1A56FC0200D6E900 /* Frameworks */ = {
			isa = PBXFrameworksBuildPhase;
			buildActionMask = 2147483647;
			files = (
			);
			runOnlyForDeploymentPostprocessing = 0;
		};
		9258B3721A56FC0200D6E900 /* Frameworks */ = {
			isa = PBXFrameworksBuildPhase;
			buildActionMask = 2147483647;
			files = (
			);
			runOnlyForDeploymentPostprocessing = 0;
		};
/* End PBXFrameworksBuildPhase section */

/* Begin PBXGroup section */
		9258B3571A56FC0200D6E900 = {
			isa = PBXGroup;
			children = (
				9258B3621A56FC0200D6E900 /* trygit */,
				9258B3781A56FC0200D6E900 /* trygitTests */,
				9258B3611A56FC0200D6E900 /* Products */,
			);
			sourceTree = "<group>";
		};
		9258B3611A56FC0200D6E900 /* Products */ = {
			isa = PBXGroup;
			children = (
				9258B3601A56FC0200D6E900 /* trygit.app */,
				9258B3751A56FC0200D6E900 /* trygitTests.xctest */,
			);
			name = Products;
			sourceTree = "<group>";
		};
		9258B3621A56FC0200D6E900 /* trygit */ = {
			isa = PBXGroup;
			children = (
				9258B3651A56FC0200D6E900 /* AppDelegate.swift */,
				9258B3671A56FC0200D6E900 /* ViewController.swift */,
				9258B3691A56FC0200D6E900 /* Main.storyboard */,
				9258B36C1A56FC0200D6E900 /* Images.xcassets */,
				9258B36E1A56FC0200D6E900 /* LaunchScreen.xib */,
				9258B3631A56FC0200D6E900 /* Supporting Files */,
			);
			path = trygit;
			sourceTree = "<group>";
		};
		9258B3631A56FC0200D6E900 /* Supporting Files */ = {
			isa = PBXGroup;
			children = (
				9258B3641A56FC0200D6E900 /* Info.plist */,
			);
			name = "Supporting Files";
			sourceTree = "<group>";
		};
		9258B3781A56FC0200D6E900 /* trygitTests */ = {
			isa = PBXGroup;
			children = (
				9258B37B1A56FC0200D6E900 /* trygitTests.swift */,
				9258B3791A56FC0200D6E900 /* Supporting Files */,
			);
			path = trygitTests;
			sourceTree = "<group>";
		};
		9258B3791A56FC0200D6E900 /* Supporting Files */ = {
			isa = PBXGroup;
			children = (
				9258B37A1A56FC0200D6E900 /* Info.plist */,
			);
			name = "Supporting Files";
			sourceTree = "<group>";
		};
/* End PBXGroup section */

/* Begin PBXNativeTarget section */
		9258B35F1A56FC0200D6E900 /* trygit */ = {
			isa = PBXNativeTarget;
			buildConfigurationList = 9258B37F1A56FC0200D6E900 /* Build configuration list for PBXNativeTarget "trygit" */;
			buildPhases = (
				9258B35C1A56FC0200D6E900 /* Sources */,
				9258B35D1A56FC0200D6E900 /* Frameworks */,
				9258B35E1A56FC0200D6E900 /* Resources */,
			);
			buildRules = (
			);
			dependencies = (
			);
			name = trygit;
			productName = trygit;
			productReference = 9258B3601A56FC0200D6E900 /* trygit.app */;
			productType = "com.apple.product-type.application";
		};
		9258B3741A56FC0200D6E900 /* trygitTests */ = {
			isa = PBXNativeTarget;
			buildConfigurationList = 9258B3821A56FC0200D6E900 /* Build configuration list for PBXNativeTarget "trygitTests" */;
			buildPhases = (
				9258B3711A56FC0200D6E900 /* Sources */,
				9258B3721A56FC0200D6E900 /* Frameworks */,
				9258B3731A56FC0200D6E900 /* Resources */,
			);
			buildRules = (
			);
			dependencies = (
				9258B3771A56FC0200D6E900 /* PBXTargetDependency */,
			);
			name = trygitTests;
			productName = trygitTests;
			productReference = 9258B3751A56FC0200D6E900 /* trygitTests.xctest */;
			productType = "com.apple.product-type.bundle.unit-test";
		};
/* End PBXNativeTarget section */

/* Begin PBXProject section */
		9258B3581A56FC0200D6E900 /* Project object */ = {
			isa = PBXProject;
			attributes = {
				LastUpgradeCheck = 0610;
				ORGANIZATIONNAME = "chen carina";
				TargetAttributes = {
					9258B35F1A56FC0200D6E900 = {
						CreatedOnToolsVersion = 6.1.1;
					};
					9258B3741A56FC0200D6E900 = {
						CreatedOnToolsVersion = 6.1.1;
						TestTargetID = 9258B35F1A56FC0200D6E900;
					};
				};
			};
			buildConfigurationList = 9258B35B1A56FC0200D6E900 /* Build configuration list for PBXProject "trygit" */;
			compatibilityVersion = "Xcode 3.2";
			developmentRegion = English;
			hasScannedForEncodings = 0;
			knownRegions = (
				en,
				Base,
			);
			mainGroup = 9258B3571A56FC0200D6E900;
			productRefGroup = 9258B3611A56FC0200D6E900 /* Products */;
			projectDirPath = "";
			projectRoot = "";
			targets = (
				9258B35F1A56FC0200D6E900 /* trygit */,
				9258B3741A56FC0200D6E900 /* trygitTests */,
			);
		};
/* End PBXProject section */

/* Begin PBXResourcesBuildPhase section */
		9258B35E1A56FC0200D6E900 /* Resources */ = {
			isa = PBXResourcesBuildPhase;
			buildActionMask = 2147483647;
			files = (
				9258B36B1A56FC0200D6E900 /* Main.storyboard in Resources */,
				9258B3701A56FC0200D6E900 /* LaunchScreen.xib in Resources */,
				9258B36D1A56FC0200D6E900 /* Images.xcassets in Resources */,
			);
			runOnlyForDeploymentPostprocessing = 0;
		};
		9258B3731A56FC0200D6E900 /* Resources */ = {
			isa = PBXResourcesBuildPhase;
			buildActionMask = 2147483647;
			files = (
			);
			runOnlyForDeploymentPostprocessing = 0;
		};
/* End PBXResourcesBuildPhase section */

/* Begin PBXSourcesBuildPhase section */
		9258B35C1A56FC0200D6E900 /* Sources */ = {
			isa = PBXSourcesBuildPhase;
			buildActionMask = 2147483647;
			files = (
				9258B3681A56FC0200D6E900 /* ViewController.swift in Sources */,
				9258B3661A56FC0200D6E900 /* AppDelegate.swift in Sources */,
			);
			runOnlyForDeploymentPostprocessing = 0;
		};
		9258B3711A56FC0200D6E900 /* Sources */ = {
			isa = PBXSourcesBuildPhase;
			buildActionMask = 2147483647;
			files = (
				9258B37C1A56FC0200D6E900 /* trygitTests.swift in Sources */,
			);
			runOnlyForDeploymentPostprocessing = 0;
		};
/* End PBXSourcesBuildPhase section */

/* Begin PBXTargetDependency section */
		9258B3771A56FC0200D6E900 /* PBXTargetDependency */ = {
			isa = PBXTargetDependency;
			target = 9258B35F1A56FC0200D6E900 /* trygit */;
			targetProxy = 9258B3761A56FC0200D6E900 /* PBXContainerItemProxy */;
		};
/* End PBXTargetDependency section */

/* Begin PBXVariantGroup section */
		9258B3691A56FC0200D6E900 /* Main.storyboard */ = {
			isa = PBXVariantGroup;
			children = (
				9258B36A1A56FC0200D6E900 /* Base */,
			);
			name = Main.storyboard;
			sourceTree = "<group>";
		};
		9258B36E1A56FC0200D6E900 /* LaunchScreen.xib */ = {
			isa = PBXVariantGroup;
			children = (
				9258B36F1A56FC0200D6E900 /* Base */,
			);
			name = LaunchScreen.xib;
			sourceTree = "<group>";
		};
/* End PBXVariantGroup section */

/* Begin XCBuildConfiguration section */
		9258B37D1A56FC0200D6E900 /* Debug */ = {
			isa = XCBuildConfiguration;
			buildSettings = {
				ALWAYS_SEARCH_USER_PATHS = NO;
				CLANG_CXX_LANGUAGE_STANDARD = "gnu++0x";
				CLANG_CXX_LIBRARY = "libc++";
				CLANG_ENABLE_MODULES = YES;
				CLANG_ENABLE_OBJC_ARC = YES;
				CLANG_WARN_BOOL_CONVERSION = YES;
				CLANG_WARN_CONSTANT_CONVERSION = YES;
				CLANG_WARN_DIRECT_OBJC_ISA_USAGE = YES_ERROR;
				CLANG_WARN_EMPTY_BODY = YES;
				CLANG_WARN_ENUM_CONVERSION = YES;
				CLANG_WARN_INT_CONVERSION = YES;
				CLANG_WARN_OBJC_ROOT_CLASS = YES_ERROR;
				CLANG_WARN_UNREACHABLE_CODE = YES;
				CLANG_WARN__DUPLICATE_METHOD_MATCH = YES;
				"CODE_SIGN_IDENTITY[sdk=iphoneos*]" = "iPhone Developer";
				COPY_PHASE_STRIP = NO;
				ENABLE_STRICT_OBJC_MSGSEND = YES;
				GCC_C_LANGUAGE_STANDARD = gnu99;
				GCC_DYNAMIC_NO_PIC = NO;
				GCC_OPTIMIZATION_LEVEL = 0;
				GCC_PREPROCESSOR_DEFINITIONS = (
					"DEBUG=1",
					"$(inherited)",
				);
				GCC_SYMBOLS_PRIVATE_EXTERN = NO;
				GCC_WARN_64_TO_32_BIT_CONVERSION = YES;
				GCC_WARN_ABOUT_RETURN_TYPE = YES_ERROR;
				GCC_WARN_UNDECLARED_SELECTOR = YES;
				GCC_WARN_UNINITIALIZED_AUTOS = YES_AGGRESSIVE;
				GCC_WARN_UNUSED_FUNCTION = YES;
				GCC_WARN_UNUSED_VARIABLE = YES;
				IPHONEOS_DEPLOYMENT_TARGET = 8.1;
				MTL_ENABLE_DEBUG_INFO = YES;
				ONLY_ACTIVE_ARCH = YES;
				SDKROOT = iphoneos;
				SWIFT_OPTIMIZATION_LEVEL = "-Onone";
			};
			name = Debug;
		};
		9258B37E1A56FC0200D6E900 /* Release */ = {
			isa = XCBuildConfiguration;
			buildSettings = {
				ALWAYS_SEARCH_USER_PATHS = NO;
				CLANG_CXX_LANGUAGE_STANDARD = "gnu++0x";
				CLANG_CXX_LIBRARY = "libc++";
				CLANG_ENABLE_MODULES = YES;
				CLANG_ENABLE_OBJC_ARC = YES;
				CLANG_WARN_BOOL_CONVERSION = YES;
				CLANG_WARN_CONSTANT_CONVERSION = YES;
				CLANG_WARN_DIRECT_OBJC_ISA_USAGE = YES_ERROR;
				CLANG_WARN_EMPTY_BODY = YES;
				CLANG_WARN_ENUM_CONVERSION = YES;
				CLANG_WARN_INT_CONVERSION = YES;
				CLANG_WARN_OBJC_ROOT_CLASS = YES_ERROR;
				CLANG_WARN_UNREACHABLE_CODE = YES;
				CLANG_WARN__DUPLICATE_METHOD_MATCH = YES;
				"CODE_SIGN_IDENTITY[sdk=iphoneos*]" = "iPhone Developer";
				COPY_PHASE_STRIP = YES;
				ENABLE_NS_ASSERTIONS = NO;
				ENABLE_STRICT_OBJC_MSGSEND = YES;
				GCC_C_LANGUAGE_STANDARD = gnu99;
				GCC_WARN_64_TO_32_BIT_CONVERSION = YES;
				GCC_WARN_ABOUT_RETURN_TYPE = YES_ERROR;
				GCC_WARN_UNDECLARED_SELECTOR = YES;
				GCC_WARN_UNINITIALIZED_AUTOS = YES_AGGRESSIVE;
				GCC_WARN_UNUSED_FUNCTION = YES;
				GCC_WARN_UNUSED_VARIABLE = YES;
				IPHONEOS_DEPLOYMENT_TARGET = 8.1;
				MTL_ENABLE_DEBUG_INFO = NO;
				SDKROOT = iphoneos;
				VALIDATE_PRODUCT = YES;
			};
			name = Release;
		};
		9258B3801A56FC0200D6E900 /* Debug */ = {
			isa = XCBuildConfiguration;
			buildSettings = {
				ASSETCATALOG_COMPILER_APPICON_NAME = AppIcon;
				INFOPLIST_FILE = trygit/Info.plist;
				LD_RUNPATH_SEARCH_PATHS = "$(inherited) @executable_path/Frameworks";
				PRODUCT_NAME = "$(TARGET_NAME)";
			};
			name = Debug;
		};
		9258B3811A56FC0200D6E900 /* Release */ = {
			isa = XCBuildConfiguration;
			buildSettings = {
				ASSETCATALOG_COMPILER_APPICON_NAME = AppIcon;
				INFOPLIST_FILE = trygit/Info.plist;
				LD_RUNPATH_SEARCH_PATHS = "$(inherited) @executable_path/Frameworks";
				PRODUCT_NAME = "$(TARGET_NAME)";
			};
			name = Release;
		};
		9258B3831A56FC0200D6E900 /* Debug */ = {
			isa = XCBuildConfiguration;
			buildSettings = {
				BUNDLE_LOADER = "$(TEST_HOST)";
				FRAMEWORK_SEARCH_PATHS = (
					"$(SDKROOT)/Developer/Library/Frameworks",
					"$(inherited)",
				);
				GCC_PREPROCESSOR_DEFINITIONS = (
					"DEBUG=1",
					"$(inherited)",
				);
				INFOPLIST_FILE = trygitTests/Info.plist;
				LD_RUNPATH_SEARCH_PATHS = "$(inherited) @executable_path/Frameworks @loader_path/Frameworks";
				PRODUCT_NAME = "$(TARGET_NAME)";
				TEST_HOST = "$(BUILT_PRODUCTS_DIR)/trygit.app/trygit";
			};
			name = Debug;
		};
		9258B3841A56FC0200D6E900 /* Release */ = {
			isa = XCBuildConfiguration;
			buildSettings = {
				BUNDLE_LOADER = "$(TEST_HOST)";
				FRAMEWORK_SEARCH_PATHS = (
					"$(SDKROOT)/Developer/Library/Frameworks",
					"$(inherited)",
				);
				INFOPLIST_FILE = trygitTests/Info.plist;
				LD_RUNPATH_SEARCH_PATHS = "$(inherited) @executable_path/Frameworks @loader_path/Frameworks";
				PRODUCT_NAME = "$(TARGET_NAME)";
				TEST_HOST = "$(BUILT_PRODUCTS_DIR)/trygit.app/trygit";
			};
			name = Release;
		};
/* End XCBuildConfiguration section */

/* Begin XCConfigurationList section */
		9258B35B1A56FC0200D6E900 /* Build configuration list for PBXProject "trygit" */ = {
			isa = XCConfigurationList;
			buildConfigurations = (
				9258B37D1A56FC0200D6E900 /* Debug */,
				9258B37E1A56FC0200D6E900 /* Release */,
			);
			defaultConfigurationIsVisible = 0;
			defaultConfigurationName = Release;
		};
		9258B37F1A56FC0200D6E900 /* Build configuration list for PBXNativeTarget "trygit" */ = {
			isa = XCConfigurationList;
			buildConfigurations = (
				9258B3801A56FC0200D6E900 /* Debug */,
				9258B3811A56FC0200D6E900 /* Release */,
			);
			defaultConfigurationIsVisible = 0;
		};
		9258B3821A56FC0200D6E900 /* Build configuration list for PBXNativeTarget "trygitTests" */ = {
			isa = XCConfigurationList;
			buildConfigurations = (
				9258B3831A56FC0200D6E900 /* Debug */,
				9258B3841A56FC0200D6E900 /* Release */,
			);
			defaultConfigurationIsVisible = 0;
		};
/* End XCConfigurationList section */
	};
	rootObject = 9258B3581A56FC0200D6E900 /* Project object */;
}
